
Microsoft Visual Studio Solution File, Format Version 12.00
# Visual Studio Version 17
VisualStudioVersion = 17.11.35312.102
MinimumVisualStudioVersion = 10.0.40219.1
Project("{FAE04EC0-301F-11D3-BF4B-00C04F79EFBC}") = "TravisCore", "TravisCore\TravisCore.csproj", "{699A7A4D-8FEF-4304-BCDE-E0549F9F8E6D}"
EndProject
Global
	GlobalSection(SolutionConfigurationPlatforms) = preSolution
		Debug|Any CPU = Debug|Any CPU
		Release|Any CPU = Release|Any CPU
	EndGlobalSection
	GlobalSection(ProjectConfigurationPlatforms) = postSolution
		{699A7A4D-8FEF-4304-BCDE-E0549F9F8E6D}.Debug|Any CPU.ActiveCfg = Debug|Any CPU
		{699A7A4D-8FEF-4304-BCDE-E0549F9F8E6D}.Debug|Any CPU.Build.0 = Debug|Any CPU
		{699A7A4D-8FEF-4304-BCDE-E0549F9F8E6D}.Release|Any CPU.ActiveCfg = Release|Any CPU
		{699A7A4D-8FEF-4304-BCDE-E0549F9F8E6D}.Release|Any CPU.Build.0 = Release|Any CPU
	EndGlobalSection
	GlobalSection(SolutionProperties) = preSolution
		HideSolutionNode = FALSE
	EndGlobalSection
	GlobalSection(ExtensibilityGlobals) = postSolution
		SolutionGuid = {54F43C68-B7CA-4FC3-BFFE-A344DD7B1380}
	EndGlobalSection
EndGlobal
